
Microsoft Visual Studio Solution File, Format Version 12.00
# Visual Studio 15
VisualStudioVersion = 15.0.28010.2041
MinimumVisualStudioVersion = 10.0.40219.1
Project("{FAE04EC0-301F-11D3-BF4B-00C04F79EFBC}") = "WPFCardGameApp", "WPFCardGameApp\WPFCardGameApp.csproj", "{385E7EBD-A08F-4B22-A9E1-A4AB7461ED29}"
EndProject
Project("{FAE04EC0-301F-11D3-BF4B-00C04F79EFBC}") = "CardGameClassLibrary", "CardGameClassLibrary\CardGameClassLibrary.csproj", "{760AC7BB-688B-4C7B-A74F-57CDCC0CC0EC}"
EndProject
Project("{FAE04EC0-301F-11D3-BF4B-00C04F79EFBC}") = "WPFCardGameAdminApp", "WPFCardGameAdminApp\WPFCardGameAdminApp.csproj", "{7FA93DBF-5C52-4662-B595-0BDF990E696A}"
EndProject
Global
	GlobalSection(SolutionConfigurationPlatforms) = preSolution
		Debug|Any CPU = Debug|Any CPU
		Release|Any CPU = Release|Any CPU
	EndGlobalSection
	GlobalSection(ProjectConfigurationPlatforms) = postSolution
		{385E7EBD-A08F-4B22-A9E1-A4AB7461ED29}.Debug|Any CPU.ActiveCfg = Debug|Any CPU
		{385E7EBD-A08F-4B22-A9E1-A4AB7461ED29}.Debug|Any CPU.Build.0 = Debug|Any CPU
		{385E7EBD-A08F-4B22-A9E1-A4AB7461ED29}.Release|Any CPU.ActiveCfg = Release|Any CPU
		{385E7EBD-A08F-4B22-A9E1-A4AB7461ED29}.Release|Any CPU.Build.0 = Release|Any CPU
		{760AC7BB-688B-4C7B-A74F-57CDCC0CC0EC}.Debug|Any CPU.ActiveCfg = Debug|Any CPU
		{760AC7BB-688B-4C7B-A74F-57CDCC0CC0EC}.Debug|Any CPU.Build.0 = Debug|Any CPU
		{760AC7BB-688B-4C7B-A74F-57CDCC0CC0EC}.Release|Any CPU.ActiveCfg = Release|Any CPU
		{760AC7BB-688B-4C7B-A74F-57CDCC0CC0EC}.Release|Any CPU.Build.0 = Release|Any CPU
		{7FA93DBF-5C52-4662-B595-0BDF990E696A}.Debug|Any CPU.ActiveCfg = Debug|Any CPU
		{7FA93DBF-5C52-4662-B595-0BDF990E696A}.Debug|Any CPU.Build.0 = Debug|Any CPU
		{7FA93DBF-5C52-4662-B595-0BDF990E696A}.Release|Any CPU.ActiveCfg = Release|Any CPU
		{7FA93DBF-5C52-4662-B595-0BDF990E696A}.Release|Any CPU.Build.0 = Release|Any CPU
	EndGlobalSection
	GlobalSection(SolutionProperties) = preSolution
		HideSolutionNode = FALSE
	EndGlobalSection
	GlobalSection(ExtensibilityGlobals) = postSolution
		SolutionGuid = {CC9C086D-0DF5-4A70-B8B8-6F333873CE5A}
	EndGlobalSection
EndGlobal
